
Microsoft Visual Studio Solution File, Format Version 12.00
# Visual Studio Version 16
VisualStudioVersion = 16.0.31702.278
MinimumVisualStudioVersion = 10.0.40219.1
Project("{FAE04EC0-301F-11D3-BF4B-00C04F79EFBC}") = "gamblersimulator", "gamblersimulator.csproj", "{06924A2F-6025-4BDA-BC69-DD7CC8B2250B}"
EndProject
Global
	GlobalSection(SolutionConfigurationPlatforms) = preSolution
		Debug|Any CPU = Debug|Any CPU
		Release|Any CPU = Release|Any CPU
	EndGlobalSection
	GlobalSection(ProjectConfigurationPlatforms) = postSolution
		{06924A2F-6025-4BDA-BC69-DD7CC8B2250B}.Debug|Any CPU.ActiveCfg = Debug|Any CPU
		{06924A2F-6025-4BDA-BC69-DD7CC8B2250B}.Debug|Any CPU.Build.0 = Debug|Any CPU
		{06924A2F-6025-4BDA-BC69-DD7CC8B2250B}.Release|Any CPU.ActiveCfg = Release|Any CPU
		{06924A2F-6025-4BDA-BC69-DD7CC8B2250B}.Release|Any CPU.Build.0 = Release|Any CPU
	EndGlobalSection
	GlobalSection(SolutionProperties) = preSolution
		HideSolutionNode = FALSE
	EndGlobalSection
	GlobalSection(ExtensibilityGlobals) = postSolution
		SolutionGuid = {9A8F258E-5859-4F64-979D-2F06E3212519}
	EndGlobalSection
EndGlobal
